
Microsoft Visual Studio Solution File, Format Version 12.00
# Visual Studio Version 17
VisualStudioVersion = 17.2.32516.85
MinimumVisualStudioVersion = 10.0.40219.1
Project("{FAE04EC0-301F-11D3-BF4B-00C04F79EFBC}") = "BlazorApp.Web", "BlazorApp.Web\BlazorApp.Web.csproj", "{EA8F4431-D5DB-4AD4-837B-811271597960}"
EndProject
Global
	GlobalSection(SolutionConfigurationPlatforms) = preSolution
		Debug|Any CPU = Debug|Any CPU
		Release|Any CPU = Release|Any CPU
	EndGlobalSection
	GlobalSection(ProjectConfigurationPlatforms) = postSolution
		{EA8F4431-D5DB-4AD4-837B-811271597960}.Debug|Any CPU.ActiveCfg = Debug|Any CPU
		{EA8F4431-D5DB-4AD4-837B-811271597960}.Debug|Any CPU.Build.0 = Debug|Any CPU
		{EA8F4431-D5DB-4AD4-837B-811271597960}.Release|Any CPU.ActiveCfg = Release|Any CPU
		{EA8F4431-D5DB-4AD4-837B-811271597960}.Release|Any CPU.Build.0 = Release|Any CPU
	EndGlobalSection
	GlobalSection(SolutionProperties) = preSolution
		HideSolutionNode = FALSE
	EndGlobalSection
	GlobalSection(ExtensibilityGlobals) = postSolution
		SolutionGuid = {F9B4F937-D10A-4524-958B-97863EAA6886}
	EndGlobalSection
EndGlobal
